
Microsoft Visual Studio Solution File, Format Version 12.00
# Visual Studio Version 17
VisualStudioVersion = 17.5.002.0
MinimumVisualStudioVersion = 10.0.40219.1
Project("{9A19103F-16F7-4668-BE54-9A1E7A4F7556}") = "api", "api\api.csproj", "{BC22A274-00B5-4C53-868A-71D39A3197EF}"
EndProject
Global
	GlobalSection(SolutionConfigurationPlatforms) = preSolution
		Debug|Any CPU = Debug|Any CPU
		Release|Any CPU = Release|Any CPU
	EndGlobalSection
	GlobalSection(ProjectConfigurationPlatforms) = postSolution
		{BC22A274-00B5-4C53-868A-71D39A3197EF}.Debug|Any CPU.ActiveCfg = Debug|Any CPU
		{BC22A274-00B5-4C53-868A-71D39A3197EF}.Debug|Any CPU.Build.0 = Debug|Any CPU
		{BC22A274-00B5-4C53-868A-71D39A3197EF}.Release|Any CPU.ActiveCfg = Release|Any CPU
		{BC22A274-00B5-4C53-868A-71D39A3197EF}.Release|Any CPU.Build.0 = Release|Any CPU
	EndGlobalSection
	GlobalSection(SolutionProperties) = preSolution
		HideSolutionNode = FALSE
	EndGlobalSection
	GlobalSection(ExtensibilityGlobals) = postSolution
		SolutionGuid = {66253F2C-2306-4C99-B49E-DDE7031DFBA7}
	EndGlobalSection
EndGlobal
